
Microsoft Visual Studio Solution File, Format Version 12.00
# Visual Studio Version 17
VisualStudioVersion = 17.5.33530.505
MinimumVisualStudioVersion = 10.0.40219.1
Project("{8BC9CEB8-8B4A-11D0-8D11-00A0C91BC942}") = "main", "main\main.vcxproj", "{7E7F5218-D905-45DA-8229-CC5946DA9536}"
EndProject
Project("{8BC9CEB8-8B4A-11D0-8D11-00A0C91BC942}") = "Ejemplo_Polimorfismo", "Ejemplo_Polimorfismo\Ejemplo_Polimorfismo.vcxproj", "{6F02CBC4-0459-4D06-9274-BB2E518D3549}"
EndProject
Project("{8BC9CEB8-8B4A-11D0-8D11-00A0C91BC942}") = "Ejemplo_Static", "Ejemplo_Static\Ejemplo_Static.vcxproj", "{082034CF-3FFA-4EE5-A254-696933E87C00}"
EndProject
Global
	GlobalSection(SolutionConfigurationPlatforms) = preSolution
		Debug|x64 = Debug|x64
		Debug|x86 = Debug|x86
		Release|x64 = Release|x64
		Release|x86 = Release|x86
	EndGlobalSection
	GlobalSection(ProjectConfigurationPlatforms) = postSolution
		{7E7F5218-D905-45DA-8229-CC5946DA9536}.Debug|x64.ActiveCfg = Debug|x64
		{7E7F5218-D905-45DA-8229-CC5946DA9536}.Debug|x64.Build.0 = Debug|x64
		{7E7F5218-D905-45DA-8229-CC5946DA9536}.Debug|x86.ActiveCfg = Debug|Win32
		{7E7F5218-D905-45DA-8229-CC5946DA9536}.Debug|x86.Build.0 = Debug|Win32
		{7E7F5218-D905-45DA-8229-CC5946DA9536}.Release|x64.ActiveCfg = Release|x64
		{7E7F5218-D905-45DA-8229-CC5946DA9536}.Release|x64.Build.0 = Release|x64
		{7E7F5218-D905-45DA-8229-CC5946DA9536}.Release|x86.ActiveCfg = Release|Win32
		{7E7F5218-D905-45DA-8229-CC5946DA9536}.Release|x86.Build.0 = Release|Win32
		{6F02CBC4-0459-4D06-9274-BB2E518D3549}.Debug|x64.ActiveCfg = Debug|x64
		{6F02CBC4-0459-4D06-9274-BB2E518D3549}.Debug|x64.Build.0 = Debug|x64
		{6F02CBC4-0459-4D06-9274-BB2E518D3549}.Debug|x86.ActiveCfg = Debug|Win32
		{6F02CBC4-0459-4D06-9274-BB2E518D3549}.Debug|x86.Build.0 = Debug|Win32
		{6F02CBC4-0459-4D06-9274-BB2E518D3549}.Release|x64.ActiveCfg = Release|x64
		{6F02CBC4-0459-4D06-9274-BB2E518D3549}.Release|x64.Build.0 = Release|x64
		{6F02CBC4-0459-4D06-9274-BB2E518D3549}.Release|x86.ActiveCfg = Release|Win32
		{6F02CBC4-0459-4D06-9274-BB2E518D3549}.Release|x86.Build.0 = Release|Win32
		{082034CF-3FFA-4EE5-A254-696933E87C00}.Debug|x64.ActiveCfg = Debug|x64
		{082034CF-3FFA-4EE5-A254-696933E87C00}.Debug|x64.Build.0 = Debug|x64
		{082034CF-3FFA-4EE5-A254-696933E87C00}.Debug|x86.ActiveCfg = Debug|Win32
		{082034CF-3FFA-4EE5-A254-696933E87C00}.Debug|x86.Build.0 = Debug|Win32
		{082034CF-3FFA-4EE5-A254-696933E87C00}.Release|x64.ActiveCfg = Release|x64
		{082034CF-3FFA-4EE5-A254-696933E87C00}.Release|x64.Build.0 = Release|x64
		{082034CF-3FFA-4EE5-A254-696933E87C00}.Release|x86.ActiveCfg = Release|Win32
		{082034CF-3FFA-4EE5-A254-696933E87C00}.Release|x86.Build.0 = Release|Win32
	EndGlobalSection
	GlobalSection(SolutionProperties) = preSolution
		HideSolutionNode = FALSE
	EndGlobalSection
	GlobalSection(ExtensibilityGlobals) = postSolution
		SolutionGuid = {1C0ED4FA-FE41-4AF3-99F6-BBE35F0F7160}
	EndGlobalSection
EndGlobal
